{
  "name": "mytest",
  "version": "1.0.0",
  "lockfileVersion": 2,
  "requires": true,
  "packages": {
    "": {
      "name": "mytest",
      "version": "1.0.0",
      "license": "ISC",
      "dependencies": {
        "pmo_test": "^1.0.0"
      }
    },
    "node_modules/pmo_test": {
      "version": "1.0.0",
      "resolved": "https://registry.npmjs.org/pmo_test/-/pmo_test-1.0.0.tgz",
      "integrity": "sha512-xnoO6nLMVjcvLRgVmyhQw1qGwwCGLFKhnJAtN2PKIERKMkNNolEcpxnMEX4m1Xhh9l1A0My6NSUIlmZB5Mtobg=="
    }
  },
  "dependencies": {
    "pmo_test": {
      "version": "1.0.0",
      "resolved": "https://registry.npmjs.org/pmo_test/-/pmo_test-1.0.0.tgz",
      "integrity": "sha512-xnoO6nLMVjcvLRgVmyhQw1qGwwCGLFKhnJAtN2PKIERKMkNNolEcpxnMEX4m1Xhh9l1A0My6NSUIlmZB5Mtobg=="
    }
  }
}
